
Microsoft Visual Studio Solution File, Format Version 12.00
# Visual Studio Version 16
VisualStudioVersion = 16.6.30114.105
MinimumVisualStudioVersion = 10.0.40219.1
Project("{FAE04EC0-301F-11D3-BF4B-00C04F79EFBC}") = "Penguin.Web.Configuration.Local", "Penguin.Web.Configuration.Local.csproj", "{2C5D123D-7A4D-4FA5-93EE-76FA19C4E239}"
EndProject
Project("{FAE04EC0-301F-11D3-BF4B-00C04F79EFBC}") = "Penguin.Configuration.Abstractions.Local", "..\Penguin.Configuration.Abstractions\Penguin.Configuration.Abstractions.Local.csproj", "{E52CD3FF-D6EE-416A-A446-B83D8251061B}"
EndProject
Project("{FAE04EC0-301F-11D3-BF4B-00C04F79EFBC}") = "Penguin.Extensions.String.Local", "..\Penguin.Extensions.String\Penguin.Extensions.String.Local.csproj", "{0646D498-D209-4B13-8051-01DFB9FE8061}"
EndProject
Global
	GlobalSection(SolutionConfigurationPlatforms) = preSolution
		Debug|Any CPU = Debug|Any CPU
		Debug|x64 = Debug|x64
		Debug|x86 = Debug|x86
		Release|Any CPU = Release|Any CPU
		Release|x64 = Release|x64
		Release|x86 = Release|x86
	EndGlobalSection
	GlobalSection(SolutionProperties) = preSolution
		HideSolutionNode = FALSE
	EndGlobalSection
	GlobalSection(ProjectConfigurationPlatforms) = postSolution
		{2C5D123D-7A4D-4FA5-93EE-76FA19C4E239}.Debug|Any CPU.ActiveCfg = Debug|Any CPU
		{2C5D123D-7A4D-4FA5-93EE-76FA19C4E239}.Debug|Any CPU.Build.0 = Debug|Any CPU
		{2C5D123D-7A4D-4FA5-93EE-76FA19C4E239}.Debug|x64.ActiveCfg = Debug|Any CPU
		{2C5D123D-7A4D-4FA5-93EE-76FA19C4E239}.Debug|x64.Build.0 = Debug|Any CPU
		{2C5D123D-7A4D-4FA5-93EE-76FA19C4E239}.Debug|x86.ActiveCfg = Debug|Any CPU
		{2C5D123D-7A4D-4FA5-93EE-76FA19C4E239}.Debug|x86.Build.0 = Debug|Any CPU
		{2C5D123D-7A4D-4FA5-93EE-76FA19C4E239}.Release|Any CPU.ActiveCfg = Release|Any CPU
		{2C5D123D-7A4D-4FA5-93EE-76FA19C4E239}.Release|Any CPU.Build.0 = Release|Any CPU
		{2C5D123D-7A4D-4FA5-93EE-76FA19C4E239}.Release|x64.ActiveCfg = Release|Any CPU
		{2C5D123D-7A4D-4FA5-93EE-76FA19C4E239}.Release|x64.Build.0 = Release|Any CPU
		{2C5D123D-7A4D-4FA5-93EE-76FA19C4E239}.Release|x86.ActiveCfg = Release|Any CPU
		{2C5D123D-7A4D-4FA5-93EE-76FA19C4E239}.Release|x86.Build.0 = Release|Any CPU
		{E52CD3FF-D6EE-416A-A446-B83D8251061B}.Debug|Any CPU.ActiveCfg = Debug|Any CPU
		{E52CD3FF-D6EE-416A-A446-B83D8251061B}.Debug|Any CPU.Build.0 = Debug|Any CPU
		{E52CD3FF-D6EE-416A-A446-B83D8251061B}.Debug|x64.ActiveCfg = Debug|Any CPU
		{E52CD3FF-D6EE-416A-A446-B83D8251061B}.Debug|x64.Build.0 = Debug|Any CPU
		{E52CD3FF-D6EE-416A-A446-B83D8251061B}.Debug|x86.ActiveCfg = Debug|Any CPU
		{E52CD3FF-D6EE-416A-A446-B83D8251061B}.Debug|x86.Build.0 = Debug|Any CPU
		{E52CD3FF-D6EE-416A-A446-B83D8251061B}.Release|Any CPU.ActiveCfg = Release|Any CPU
		{E52CD3FF-D6EE-416A-A446-B83D8251061B}.Release|Any CPU.Build.0 = Release|Any CPU
		{E52CD3FF-D6EE-416A-A446-B83D8251061B}.Release|x64.ActiveCfg = Release|Any CPU
		{E52CD3FF-D6EE-416A-A446-B83D8251061B}.Release|x64.Build.0 = Release|Any CPU
		{E52CD3FF-D6EE-416A-A446-B83D8251061B}.Release|x86.ActiveCfg = Release|Any CPU
		{E52CD3FF-D6EE-416A-A446-B83D8251061B}.Release|x86.Build.0 = Release|Any CPU
		{0646D498-D209-4B13-8051-01DFB9FE8061}.Debug|Any CPU.ActiveCfg = Debug|Any CPU
		{0646D498-D209-4B13-8051-01DFB9FE8061}.Debug|Any CPU.Build.0 = Debug|Any CPU
		{0646D498-D209-4B13-8051-01DFB9FE8061}.Debug|x64.ActiveCfg = Debug|Any CPU
		{0646D498-D209-4B13-8051-01DFB9FE8061}.Debug|x64.Build.0 = Debug|Any CPU
		{0646D498-D209-4B13-8051-01DFB9FE8061}.Debug|x86.ActiveCfg = Debug|Any CPU
		{0646D498-D209-4B13-8051-01DFB9FE8061}.Debug|x86.Build.0 = Debug|Any CPU
		{0646D498-D209-4B13-8051-01DFB9FE8061}.Release|Any CPU.ActiveCfg = Release|Any CPU
		{0646D498-D209-4B13-8051-01DFB9FE8061}.Release|Any CPU.Build.0 = Release|Any CPU
		{0646D498-D209-4B13-8051-01DFB9FE8061}.Release|x64.ActiveCfg = Release|Any CPU
		{0646D498-D209-4B13-8051-01DFB9FE8061}.Release|x64.Build.0 = Release|Any CPU
		{0646D498-D209-4B13-8051-01DFB9FE8061}.Release|x86.ActiveCfg = Release|Any CPU
		{0646D498-D209-4B13-8051-01DFB9FE8061}.Release|x86.Build.0 = Release|Any CPU
	EndGlobalSection
EndGlobal
